
Microsoft Visual Studio Solution File, Format Version 12.00
# Visual Studio Version 16
VisualStudioVersion = 16.0.30309.148
MinimumVisualStudioVersion = 10.0.40219.1
Project("{9A19103F-16F7-4668-BE54-9A1E7A4F7556}") = "RabbitPoc.Publisher", "RabbitPoc.Publisher\RabbitPoc.Publisher.csproj", "{84D044F0-7585-4136-B21A-CC6FE77C84B5}"
EndProject
Project("{9A19103F-16F7-4668-BE54-9A1E7A4F7556}") = "RabbitPoc.Consumer", "RabbitPoc.Consumer\RabbitPoc.Consumer.csproj", "{CEA20043-657D-471E-A2FB-24AE8CBDD01D}"
EndProject
Project("{9A19103F-16F7-4668-BE54-9A1E7A4F7556}") = "RabbitPoc.MQCommon", "RabbitPoc.MQCommon\RabbitPoc.MQCommon.csproj", "{434C14E6-AF3E-41E7-AB38-C29660967D56}"
EndProject
Global
	GlobalSection(SolutionConfigurationPlatforms) = preSolution
		Debug|Any CPU = Debug|Any CPU
		Release|Any CPU = Release|Any CPU
	EndGlobalSection
	GlobalSection(ProjectConfigurationPlatforms) = postSolution
		{84D044F0-7585-4136-B21A-CC6FE77C84B5}.Debug|Any CPU.ActiveCfg = Debug|Any CPU
		{84D044F0-7585-4136-B21A-CC6FE77C84B5}.Debug|Any CPU.Build.0 = Debug|Any CPU
		{84D044F0-7585-4136-B21A-CC6FE77C84B5}.Release|Any CPU.ActiveCfg = Release|Any CPU
		{84D044F0-7585-4136-B21A-CC6FE77C84B5}.Release|Any CPU.Build.0 = Release|Any CPU
		{CEA20043-657D-471E-A2FB-24AE8CBDD01D}.Debug|Any CPU.ActiveCfg = Debug|Any CPU
		{CEA20043-657D-471E-A2FB-24AE8CBDD01D}.Debug|Any CPU.Build.0 = Debug|Any CPU
		{CEA20043-657D-471E-A2FB-24AE8CBDD01D}.Release|Any CPU.ActiveCfg = Release|Any CPU
		{CEA20043-657D-471E-A2FB-24AE8CBDD01D}.Release|Any CPU.Build.0 = Release|Any CPU
		{434C14E6-AF3E-41E7-AB38-C29660967D56}.Debug|Any CPU.ActiveCfg = Debug|Any CPU
		{434C14E6-AF3E-41E7-AB38-C29660967D56}.Debug|Any CPU.Build.0 = Debug|Any CPU
		{434C14E6-AF3E-41E7-AB38-C29660967D56}.Release|Any CPU.ActiveCfg = Release|Any CPU
		{434C14E6-AF3E-41E7-AB38-C29660967D56}.Release|Any CPU.Build.0 = Release|Any CPU
	EndGlobalSection
	GlobalSection(SolutionProperties) = preSolution
		HideSolutionNode = FALSE
	EndGlobalSection
	GlobalSection(ExtensibilityGlobals) = postSolution
		SolutionGuid = {DEDB25A7-DF76-4746-ADF6-2D383BDE9126}
	EndGlobalSection
EndGlobal
